
Microsoft Visual Studio Solution File, Format Version 12.00
# Visual Studio Version 17
VisualStudioVersion = 17.5.33516.290
MinimumVisualStudioVersion = 10.0.40219.1
Project("{FAE04EC0-301F-11D3-BF4B-00C04F79EFBC}") = "Message Asistant - Kayra Export", "Message Asistant - Kayra Export\Message Asistant - Kayra Export.csproj", "{C9BA9A93-5746-4F00-B6C0-093865EA1069}"
EndProject
Global
	GlobalSection(SolutionConfigurationPlatforms) = preSolution
		Debug|Any CPU = Debug|Any CPU
		Release|Any CPU = Release|Any CPU
	EndGlobalSection
	GlobalSection(ProjectConfigurationPlatforms) = postSolution
		{C9BA9A93-5746-4F00-B6C0-093865EA1069}.Debug|Any CPU.ActiveCfg = Debug|Any CPU
		{C9BA9A93-5746-4F00-B6C0-093865EA1069}.Debug|Any CPU.Build.0 = Debug|Any CPU
		{C9BA9A93-5746-4F00-B6C0-093865EA1069}.Release|Any CPU.ActiveCfg = Release|Any CPU
		{C9BA9A93-5746-4F00-B6C0-093865EA1069}.Release|Any CPU.Build.0 = Release|Any CPU
	EndGlobalSection
	GlobalSection(SolutionProperties) = preSolution
		HideSolutionNode = FALSE
	EndGlobalSection
	GlobalSection(ExtensibilityGlobals) = postSolution
		SolutionGuid = {3EF13FF7-D984-4152-A53B-7B2587276F32}
	EndGlobalSection
EndGlobal
